
Microsoft Visual Studio Solution File, Format Version 12.00
# Visual Studio Version 17
VisualStudioVersion = 17.9.34728.123
MinimumVisualStudioVersion = 10.0.40219.1
Project("{FAE04EC0-301F-11D3-BF4B-00C04F79EFBC}") = "KampYeri", "KampYeri\KampYeri.csproj", "{45252A53-86E1-458C-A724-89D1042CEEDC}"
EndProject
Project("{FAE04EC0-301F-11D3-BF4B-00C04F79EFBC}") = "KampYeri.BLL", "KampYeri.BLL\KampYeri.BLL.csproj", "{6EACA504-FA88-45D7-97BC-4C142FEACAB3}"
EndProject
Project("{FAE04EC0-301F-11D3-BF4B-00C04F79EFBC}") = "KampYeri.DAL", "KampYeri.DAL\KampYeri.DAL.csproj", "{77DC0D78-9ACB-464C-88C3-812632D7C2BF}"
EndProject
Project("{FAE04EC0-301F-11D3-BF4B-00C04F79EFBC}") = "DTOs", "DTOs\DTOs.csproj", "{E2C5EE71-1EF4-4AA5-AF3B-1145815FE13C}"
EndProject
Project("{FAE04EC0-301F-11D3-BF4B-00C04F79EFBC}") = "Entities", "Entities\Entities.csproj", "{FDAF3EFA-5274-48A1-AF72-4FB0BED392A8}"
EndProject
Global
	GlobalSection(SolutionConfigurationPlatforms) = preSolution
		Debug|Any CPU = Debug|Any CPU
		Release|Any CPU = Release|Any CPU
	EndGlobalSection
	GlobalSection(ProjectConfigurationPlatforms) = postSolution
		{45252A53-86E1-458C-A724-89D1042CEEDC}.Debug|Any CPU.ActiveCfg = Debug|Any CPU
		{45252A53-86E1-458C-A724-89D1042CEEDC}.Debug|Any CPU.Build.0 = Debug|Any CPU
		{45252A53-86E1-458C-A724-89D1042CEEDC}.Release|Any CPU.ActiveCfg = Release|Any CPU
		{45252A53-86E1-458C-A724-89D1042CEEDC}.Release|Any CPU.Build.0 = Release|Any CPU
		{6EACA504-FA88-45D7-97BC-4C142FEACAB3}.Debug|Any CPU.ActiveCfg = Debug|Any CPU
		{6EACA504-FA88-45D7-97BC-4C142FEACAB3}.Debug|Any CPU.Build.0 = Debug|Any CPU
		{6EACA504-FA88-45D7-97BC-4C142FEACAB3}.Release|Any CPU.ActiveCfg = Release|Any CPU
		{6EACA504-FA88-45D7-97BC-4C142FEACAB3}.Release|Any CPU.Build.0 = Release|Any CPU
		{77DC0D78-9ACB-464C-88C3-812632D7C2BF}.Debug|Any CPU.ActiveCfg = Debug|Any CPU
		{77DC0D78-9ACB-464C-88C3-812632D7C2BF}.Debug|Any CPU.Build.0 = Debug|Any CPU
		{77DC0D78-9ACB-464C-88C3-812632D7C2BF}.Release|Any CPU.ActiveCfg = Release|Any CPU
		{77DC0D78-9ACB-464C-88C3-812632D7C2BF}.Release|Any CPU.Build.0 = Release|Any CPU
		{E2C5EE71-1EF4-4AA5-AF3B-1145815FE13C}.Debug|Any CPU.ActiveCfg = Debug|Any CPU
		{E2C5EE71-1EF4-4AA5-AF3B-1145815FE13C}.Debug|Any CPU.Build.0 = Debug|Any CPU
		{E2C5EE71-1EF4-4AA5-AF3B-1145815FE13C}.Release|Any CPU.ActiveCfg = Release|Any CPU
		{E2C5EE71-1EF4-4AA5-AF3B-1145815FE13C}.Release|Any CPU.Build.0 = Release|Any CPU
		{FDAF3EFA-5274-48A1-AF72-4FB0BED392A8}.Debug|Any CPU.ActiveCfg = Debug|Any CPU
		{FDAF3EFA-5274-48A1-AF72-4FB0BED392A8}.Debug|Any CPU.Build.0 = Debug|Any CPU
		{FDAF3EFA-5274-48A1-AF72-4FB0BED392A8}.Release|Any CPU.ActiveCfg = Release|Any CPU
		{FDAF3EFA-5274-48A1-AF72-4FB0BED392A8}.Release|Any CPU.Build.0 = Release|Any CPU
	EndGlobalSection
	GlobalSection(SolutionProperties) = preSolution
		HideSolutionNode = FALSE
	EndGlobalSection
	GlobalSection(ExtensibilityGlobals) = postSolution
		SolutionGuid = {02F74C1E-6F82-4439-B3CF-2C5313885503}
	EndGlobalSection
EndGlobal
